
Microsoft Visual Studio Solution File, Format Version 12.00
# Visual Studio 15
VisualStudioVersion = 15.0.27004.2010
MinimumVisualStudioVersion = 10.0.40219.1
Project("{FAE04EC0-301F-11D3-BF4B-00C04F79EFBC}") = "LSTMTimeSeriesDemo", "LSTMTimeSeriesDemo\LSTMTimeSeriesDemo.csproj", "{66B7C27E-05C6-4C93-AF73-67549BCF79C7}"
EndProject
Global
	GlobalSection(SolutionConfigurationPlatforms) = preSolution
		Debug|Any CPU = Debug|Any CPU
		Debug|x64 = Debug|x64
		Release|Any CPU = Release|Any CPU
		Release|x64 = Release|x64
	EndGlobalSection
	GlobalSection(ProjectConfigurationPlatforms) = postSolution
		{66B7C27E-05C6-4C93-AF73-67549BCF79C7}.Debug|Any CPU.ActiveCfg = Debug|Any CPU
		{66B7C27E-05C6-4C93-AF73-67549BCF79C7}.Debug|Any CPU.Build.0 = Debug|Any CPU
		{66B7C27E-05C6-4C93-AF73-67549BCF79C7}.Debug|x64.ActiveCfg = Debug|x64
		{66B7C27E-05C6-4C93-AF73-67549BCF79C7}.Debug|x64.Build.0 = Debug|x64
		{66B7C27E-05C6-4C93-AF73-67549BCF79C7}.Release|Any CPU.ActiveCfg = Release|Any CPU
		{66B7C27E-05C6-4C93-AF73-67549BCF79C7}.Release|Any CPU.Build.0 = Release|Any CPU
		{66B7C27E-05C6-4C93-AF73-67549BCF79C7}.Release|x64.ActiveCfg = Release|Any CPU
		{66B7C27E-05C6-4C93-AF73-67549BCF79C7}.Release|x64.Build.0 = Release|Any CPU
	EndGlobalSection
	GlobalSection(SolutionProperties) = preSolution
		HideSolutionNode = FALSE
	EndGlobalSection
	GlobalSection(ExtensibilityGlobals) = postSolution
		SolutionGuid = {2D9ED475-CA77-4825-9C3D-AEEAB7ADC7CB}
	EndGlobalSection
EndGlobal
