
Microsoft Visual Studio Solution File, Format Version 12.00
# Visual Studio Version 17
VisualStudioVersion = 17.5.33516.290
MinimumVisualStudioVersion = 10.0.40219.1
Project("{FAE04EC0-301F-11D3-BF4B-00C04F79EFBC}") = "MicroNN", "MicroNN.csproj", "{C75AE0EA-619E-46CC-BBE4-9944B1C82497}"
EndProject
Global
	GlobalSection(SolutionConfigurationPlatforms) = preSolution
		Debug|Any CPU = Debug|Any CPU
		Release|Any CPU = Release|Any CPU
	EndGlobalSection
	GlobalSection(ProjectConfigurationPlatforms) = postSolution
		{C75AE0EA-619E-46CC-BBE4-9944B1C82497}.Debug|Any CPU.ActiveCfg = Debug|Any CPU
		{C75AE0EA-619E-46CC-BBE4-9944B1C82497}.Debug|Any CPU.Build.0 = Debug|Any CPU
		{C75AE0EA-619E-46CC-BBE4-9944B1C82497}.Release|Any CPU.ActiveCfg = Release|Any CPU
		{C75AE0EA-619E-46CC-BBE4-9944B1C82497}.Release|Any CPU.Build.0 = Release|Any CPU
	EndGlobalSection
	GlobalSection(SolutionProperties) = preSolution
		HideSolutionNode = FALSE
	EndGlobalSection
	GlobalSection(ExtensibilityGlobals) = postSolution
		SolutionGuid = {188CFD32-529E-4973-8F94-150E08C13A59}
	EndGlobalSection
EndGlobal
